
Microsoft Visual Studio Solution File, Format Version 12.00
# Visual Studio 15
VisualStudioVersion = 15.0.27130.2027
MinimumVisualStudioVersion = 10.0.40219.1
Project("{FAE04EC0-301F-11D3-BF4B-00C04F79EFBC}") = "RoboRally.Service", "RoboRally.Service\RoboRally.Service.csproj", "{9318D282-9504-46D5-A1DB-CF4051B3252E}"
EndProject
Project("{FAE04EC0-301F-11D3-BF4B-00C04F79EFBC}") = "RoboRally.Service.Tests", "RoboRally.Service.Tests\RoboRally.Service.Tests.csproj", "{EBDB56E2-16C1-4793-9E72-01E9085F3E74}"
EndProject
Global
	GlobalSection(SolutionConfigurationPlatforms) = preSolution
		Debug|Any CPU = Debug|Any CPU
		Release|Any CPU = Release|Any CPU
	EndGlobalSection
	GlobalSection(ProjectConfigurationPlatforms) = postSolution
		{9318D282-9504-46D5-A1DB-CF4051B3252E}.Debug|Any CPU.ActiveCfg = Debug|Any CPU
		{9318D282-9504-46D5-A1DB-CF4051B3252E}.Debug|Any CPU.Build.0 = Debug|Any CPU
		{9318D282-9504-46D5-A1DB-CF4051B3252E}.Release|Any CPU.ActiveCfg = Release|Any CPU
		{9318D282-9504-46D5-A1DB-CF4051B3252E}.Release|Any CPU.Build.0 = Release|Any CPU
		{EBDB56E2-16C1-4793-9E72-01E9085F3E74}.Debug|Any CPU.ActiveCfg = Debug|Any CPU
		{EBDB56E2-16C1-4793-9E72-01E9085F3E74}.Debug|Any CPU.Build.0 = Debug|Any CPU
		{EBDB56E2-16C1-4793-9E72-01E9085F3E74}.Release|Any CPU.ActiveCfg = Release|Any CPU
		{EBDB56E2-16C1-4793-9E72-01E9085F3E74}.Release|Any CPU.Build.0 = Release|Any CPU
	EndGlobalSection
	GlobalSection(SolutionProperties) = preSolution
		HideSolutionNode = FALSE
	EndGlobalSection
	GlobalSection(ExtensibilityGlobals) = postSolution
		SolutionGuid = {D1361327-99EC-4945-BA9B-F2E87D1EE664}
	EndGlobalSection
EndGlobal
